# Generated by conda-lock.
# platform: osx-arm64
# input_hash: bd89dbbe26f153f2979023ee2fb0b6ff1977bec94f4e9cea9453af56771779fb
@EXPLICIT
https://conda.anaconda.org/conda-forge/osx-arm64/libgcc-15.2.0-hcbb3090_12.conda#b509121005918a5097233991cd558e05
https://conda.anaconda.org/conda-forge/noarch/python_abi-3.11-8_cp311.conda#8fcb6b0e2161850556231336dae58358
https://conda.anaconda.org/conda-forge/noarch/tzdata-2025b-h78e105d_0.conda#4222072737ccff51314b5ece9c7d6f5a
https://conda.anaconda.org/conda-forge/osx-arm64/bzip2-1.0.8-hd037594_8.conda#58fd217444c2a5701a44244faf518206
https://conda.anaconda.org/conda-forge/noarch/ca-certificates-2025.11.12-hbd8a1cb_0.conda#f0991f0f84902f6b6009b4d2350a83aa
https://conda.anaconda.org/conda-forge/osx-arm64/icu-75.1-hfee45f7_0.conda#5eb22c1d7b3fc4abb50d92d621583137
https://conda.anaconda.org/conda-forge/osx-arm64/libcxx-21.1.6-hf598326_0.conda#3ea79e55a64bff6c3cbd4588c89a527a
https://conda.anaconda.org/conda-forge/osx-arm64/libexpat-2.7.3-haf25636_0.conda#b79875dbb5b1db9a4a22a4520f918e1a
https://conda.anaconda.org/conda-forge/osx-arm64/libffi-3.5.2-he5f378a_0.conda#411ff7cd5d1472bba0f55c0faf04453b
https://conda.anaconda.org/conda-forge/osx-arm64/libgfortran5-15.2.0-hdae7583_12.conda#0ac344d71621195a558c94b7c30014ae
https://conda.anaconda.org/conda-forge/osx-arm64/liblzma-5.8.1-h39f12f2_2.conda#d6df911d4564d77c4374b02552cb17d1
https://conda.anaconda.org/conda-forge/osx-arm64/libzlib-1.3.1-h8359307_2.conda#369964e85dc26bfe78f41399b366c435
https://conda.anaconda.org/conda-forge/osx-arm64/llvm-openmp-21.1.6-h4a912ad_0.conda#4a274d80967416bce3c7d89bf43923ec
https://conda.anaconda.org/conda-forge/osx-arm64/ncurses-6.5-h5e97a16_3.conda#068d497125e4bf8a66bf707254fff5ae
https://conda.anaconda.org/conda-forge/osx-arm64/yaml-0.2.5-h925e9cb_3.conda#78a0fe9e9c50d2c381e8ee47e3ea437d
https://conda.anaconda.org/conda-forge/osx-arm64/libgfortran-15.2.0-h07b0088_12.conda#89a25fb123145350367429d65226f0a2
https://conda.anaconda.org/conda-forge/osx-arm64/libsqlite-3.51.0-h8adb53f_0.conda#5fb1945dbc6380e6fe7e939a62267772
https://conda.anaconda.org/conda-forge/osx-arm64/openssl-3.6.0-h5503f6c_0.conda#b34dc4172653c13dcf453862f251af2b
https://conda.anaconda.org/conda-forge/osx-arm64/readline-8.2-h1d1bf99_2.conda#63ef3f6e6d6d5c589e64f11263dc5676
https://conda.anaconda.org/conda-forge/osx-arm64/tk-8.6.13-h892fb3f_3.conda#a73d54a5abba6543cb2f0af1bfbd6851
https://conda.anaconda.org/conda-forge/osx-arm64/zstd-1.5.7-h6491c7d_2.conda#e6f69c7bcccdefa417f056fa593b40f0
https://conda.anaconda.org/conda-forge/osx-arm64/libopenblas-0.3.30-openmp_ha158390_3.conda#a18a7f471c517062ee71b843ef95eb8a
https://conda.anaconda.org/conda-forge/osx-arm64/python-3.11.14-h18782d2_2_cpython.conda#da948e6cd735249ab4cfbb3fdede785e
https://conda.anaconda.org/conda-forge/noarch/appdirs-1.4.4-pyhd8ed1ab_1.conda#f4e90937bbfc3a4a92539545a37bb448
https://conda.anaconda.org/conda-forge/noarch/backports-1.0-pyhd8ed1ab_5.conda#767d508c1a67e02ae8f50e44cacfadb2
https://conda.anaconda.org/conda-forge/noarch/boltons-25.0.0-pyhd8ed1ab_0.conda#c7eb87af73750d6fd97eff8bbee8cb9c
https://conda.anaconda.org/conda-forge/osx-arm64/brotli-python-1.2.0-py311hdc60ec4_1.conda#150cbf381febcf0a5e470a8d066e1bc0
https://conda.anaconda.org/conda-forge/noarch/certifi-2025.11.12-pyhd8ed1ab_0.conda#96a02a5c1a65470a7e4eedb644c872fd
https://conda.anaconda.org/conda-forge/noarch/charset-normalizer-3.4.4-pyhd8ed1ab_0.conda#a22d1fd9bf98827e280a02875d9a007a
https://conda.anaconda.org/conda-forge/noarch/click-8.3.1-pyh707e725_0.conda#9ba00b39e03a0afb2b1cc0767d4c6175
https://conda.anaconda.org/conda-forge/noarch/colorama-0.4.6-pyhd8ed1ab_1.conda#962b9857ee8e7018c22f2776ffa0b2d7
https://conda.anaconda.org/conda-forge/noarch/crashtest-0.4.1-pyhd8ed1ab_1.conda#e036e2f76d9c9aebc12510ed23352b6c
https://conda.anaconda.org/conda-forge/noarch/distlib-0.4.0-pyhd8ed1ab_0.conda#003b8ba0a94e2f1e117d0bd46aebc901
https://conda.anaconda.org/conda-forge/noarch/filelock-3.20.0-pyhd8ed1ab_0.conda#66b8b26023b8efdf8fcb23bac4b6325d
https://conda.anaconda.org/conda-forge/noarch/hpack-4.1.0-pyhd8ed1ab_0.conda#0a802cb9888dd14eeefc611f05c40b6e
https://conda.anaconda.org/conda-forge/noarch/hyperframe-6.1.0-pyhd8ed1ab_0.conda#8e6923fc12f1fe8f8c4e5c9f343256ac
https://conda.anaconda.org/conda-forge/noarch/idna-3.11-pyhd8ed1ab_0.conda#53abe63df7e10a6ba605dc5f9f961d36
https://conda.anaconda.org/conda-forge/osx-arm64/libblas-3.11.0-2_h51639a9_openblas.conda#811e17323f5afeeb5eb6cc83d90c4292
https://conda.anaconda.org/conda-forge/osx-arm64/markupsafe-3.0.3-py311ha9b3269_0.conda#df124303925c7ad5d7eb15179d38c4e3
https://conda.anaconda.org/conda-forge/noarch/more-itertools-10.8.0-pyhd8ed1ab_0.conda#d7620a15dc400b448e1c88a981b23ddd
https://conda.anaconda.org/conda-forge/osx-arm64/msgpack-python-1.1.2-py311h5a5e7c7_1.conda#123b3c15746ccfbfd8bf1c30c79f2ba6
https://conda.anaconda.org/conda-forge/noarch/packaging-25.0-pyh29332c3_1.conda#58335b26c38bf4a20f399384c33cbcf9
https://conda.anaconda.org/conda-forge/noarch/pkginfo-1.12.1.2-pyhd8ed1ab_0.conda#dc702b2fae7ebe770aff3c83adb16b63
https://conda.anaconda.org/conda-forge/noarch/platformdirs-4.5.0-pyhcf101f3_0.conda#5c7a868f8241e64e1cf5fdf4962f23e2
https://conda.anaconda.org/conda-forge/noarch/pycparser-2.22-pyh29332c3_1.conda#12c566707c80111f9799308d9e265aef
https://conda.anaconda.org/conda-forge/noarch/pysocks-1.7.1-pyha55dd90_7.conda#461219d1a5bd61342293efa2c0c90eac
https://conda.anaconda.org/conda-forge/noarch/python-fastjsonschema-2.21.2-pyhe01879c_0.conda#23029aae904a2ba587daba708208012f
https://conda.anaconda.org/conda-forge/noarch/python-installer-0.7.0-pyhff2d567_1.conda#e27480eebcdf247209e90da706ebef8d
https://conda.anaconda.org/conda-forge/noarch/python-tzdata-2025.2-pyhd8ed1ab_0.conda#88476ae6ebd24f39261e0854ac244f33
https://conda.anaconda.org/conda-forge/noarch/pytz-2025.2-pyhd8ed1ab_0.conda#bc8e3267d44011051f2eb14d22fb0960
https://conda.anaconda.org/conda-forge/osx-arm64/pyyaml-6.0.3-py311ha9b3269_0.conda#109a9c326951cc9ab5df6a06cf5b930a
https://conda.anaconda.org/conda-forge/osx-arm64/ruamel.yaml.clib-0.2.14-py311h9408147_0.conda#4eb9d1cf28329b19950f924dd60761d6
https://conda.anaconda.org/conda-forge/noarch/semver-3.0.4-pyhd8ed1ab_0.conda#982aa48accc06494cbd2b51af69e17c7
https://conda.anaconda.org/conda-forge/noarch/setuptools-80.9.0-pyhff2d567_0.conda#4de79c071274a53dcaf2a8c749d1499e
https://conda.anaconda.org/conda-forge/noarch/shellingham-1.5.4-pyhd8ed1ab_2.conda#83ea3a2ddb7a75c1b09cea582aa4f106
https://conda.anaconda.org/conda-forge/noarch/six-1.17.0-pyhe01879c_1.conda#3339e3b65d58accf4ca4fb8748ab16b3
https://conda.anaconda.org/conda-forge/noarch/smmap-5.0.2-pyhd8ed1ab_0.conda#87f47a78808baf2fa1ea9c315a1e48f1
https://conda.anaconda.org/conda-forge/noarch/tomli-2.3.0-pyhcf101f3_0.conda#d2732eb636c264dc9aa4cbee404b1a53
https://conda.anaconda.org/conda-forge/noarch/tomlkit-0.13.3-pyha770c72_0.conda#146402bf0f11cbeb8f781fa4309a95d3
https://conda.anaconda.org/conda-forge/noarch/trove-classifiers-2025.11.14.15-pyhd8ed1ab_0.conda#e976edbb0821092956a85f1e7b627a97
https://conda.anaconda.org/conda-forge/noarch/typing_extensions-4.15.0-pyhcf101f3_0.conda#0caa1af407ecff61170c9437a808404d
https://conda.anaconda.org/conda-forge/noarch/wheel-0.45.1-pyhd8ed1ab_1.conda#75cb7132eb58d97896e173ef12ac9986
https://conda.anaconda.org/conda-forge/noarch/zipp-3.23.0-pyhd8ed1ab_0.conda#df5e78d904988eb55042c0c97446079f
https://conda.anaconda.org/conda-forge/noarch/backports.tarfile-1.2.0-pyhd8ed1ab_1.conda#df837d654933488220b454c6a3b0fad6
https://conda.anaconda.org/conda-forge/osx-arm64/cffi-2.0.0-py311hd10dc20_1.conda#4d7f6780e36f18e7601811dddf3bbec5
https://conda.anaconda.org/conda-forge/noarch/click-default-group-1.2.4-pyhd8ed1ab_1.conda#7cd83dd6831b61ad9624a694e4afd7dc
https://conda.anaconda.org/conda-forge/noarch/gitdb-4.0.12-pyhd8ed1ab_0.conda#7c14f3706e099f8fcd47af2d494616cc
https://conda.anaconda.org/conda-forge/noarch/h2-4.3.0-pyhcf101f3_0.conda#164fc43f0b53b6e3a7bc7dce5e4f1dc9
https://conda.anaconda.org/conda-forge/noarch/importlib-metadata-8.7.0-pyhe01879c_1.conda#63ccfdc3a3ce25b027b8767eb722fca8
https://conda.anaconda.org/conda-forge/noarch/importlib_resources-6.5.2-pyhd8ed1ab_0.conda#c85c76dc67d75619a92f51dfbce06992
https://conda.anaconda.org/conda-forge/noarch/jaraco.classes-3.4.0-pyhd8ed1ab_2.conda#ade6b25a6136661dadd1a43e4350b10b
https://conda.anaconda.org/conda-forge/noarch/jaraco.functools-4.3.0-pyhd8ed1ab_0.conda#b86839fa387a5b904846e77c84167e57
https://conda.anaconda.org/conda-forge/noarch/jinja2-3.1.6-pyhd8ed1ab_0.conda#446bd6c8cb26050d528881df495ce646
https://conda.anaconda.org/conda-forge/osx-arm64/libcblas-3.11.0-2_hb0561ab_openblas.conda#f0d6abadf8be9bf4271123eb37ac4f4e
https://conda.anaconda.org/conda-forge/osx-arm64/liblapack-3.11.0-2_hd9741b5_openblas.conda#f63fdb2504b1fc4527314641fa34efb4
https://conda.anaconda.org/conda-forge/noarch/pip-25.3-pyh8b19718_0.conda#c55515ca43c6444d2572e0f0d93cb6b9
https://conda.anaconda.org/conda-forge/noarch/pyproject_hooks-1.2.0-pyhd8ed1ab_1.conda#d4582021af437c931d7d77ec39007845
https://conda.anaconda.org/conda-forge/noarch/python-dateutil-2.9.0.post0-pyhe01879c_2.conda#5b8d21249ff20967101ffa321cab24e8
https://conda.anaconda.org/conda-forge/osx-arm64/ruamel.yaml-0.18.16-py311h9408147_0.conda#f76c63bcc2378f05957013e31bb93020
https://conda.anaconda.org/conda-forge/noarch/typing-extensions-4.15.0-h396c80c_0.conda#edd329d7d3a4ab45dcf905899a7a6115
https://conda.anaconda.org/conda-forge/noarch/typing-inspection-0.4.2-pyhd8ed1ab_0.conda#399701494e731ce73fdd86c185a3d1b4
https://conda.anaconda.org/conda-forge/noarch/virtualenv-20.35.4-pyhd8ed1ab_0.conda#cfccfd4e8d9de82ed75c8e2c91cab375
https://conda.anaconda.org/conda-forge/noarch/annotated-types-0.7.0-pyhd8ed1ab_1.conda#2934f256a8acfe48f6ebb4fce6cde29c
https://conda.anaconda.org/conda-forge/noarch/gitpython-3.1.45-pyhff2d567_0.conda#b91d463ea8be13bcbe644ae8bc99c39f
https://conda.anaconda.org/conda-forge/noarch/jaraco.context-6.0.1-pyhd8ed1ab_0.conda#bcc023a32ea1c44a790bbf1eae473486
https://conda.anaconda.org/conda-forge/osx-arm64/numpy-2.3.5-py311h8685306_0.conda#1c90d71be9d263f263ae14e7552a6293
https://conda.anaconda.org/conda-forge/osx-arm64/pydantic-core-2.41.5-py311h71babbd_1.conda#1cde74932ed3f0472c89406f1b8df631
https://conda.anaconda.org/conda-forge/noarch/python-build-1.3.0-pyhff2d567_0.conda#ed5d43e9ef92cc2a9872f9bdfe94b984
https://conda.anaconda.org/conda-forge/osx-arm64/xattr-1.3.0-py311h9e99a0f_1.conda#44312b824c1a7fb11ad4f58c3f4d0424
https://conda.anaconda.org/conda-forge/osx-arm64/zstandard-0.25.0-py311h5bb9006_1.conda#651594b8f9b9cccc5948287a18903c34
https://conda.anaconda.org/conda-forge/noarch/conda-package-streaming-0.12.0-pyhd8ed1ab_0.conda#ff75d06af779966a5aeae1be1d409b96
https://conda.anaconda.org/conda-forge/noarch/keyring-25.7.0-pyh534df25_0.conda#c88f9579d08eb4031159f03640714ce3
https://conda.anaconda.org/conda-forge/osx-arm64/pandas-2.3.3-py311hdb8e4fa_1.conda#ea737715ac61b431bfd5adbcd9ea0cae
https://conda.anaconda.org/conda-forge/noarch/pydantic-2.12.4-pyh3cfb1c2_0.conda#bf6ce72315b6759453d8c90a894e9e4c
https://conda.anaconda.org/conda-forge/noarch/urllib3-2.5.0-pyhd8ed1ab_0.conda#436c165519e140cb08d246a4472a9d6a
https://conda.anaconda.org/conda-forge/osx-arm64/dulwich-0.22.8-py311h3ff9189_0.conda#1d7e4d1a3e814510311f893206565d22
https://conda.anaconda.org/conda-forge/noarch/requests-2.32.5-pyhd8ed1ab_0.conda#db0c6b99149880c8ba515cf4abe93ee4
https://conda.anaconda.org/conda-forge/noarch/cachecontrol-0.14.3-pyha770c72_0.conda#241ef6e3db47a143ac34c21bfba510f1
https://conda.anaconda.org/conda-forge/noarch/ensureconda-1.6.0-pyhcf101f3_0.conda#fcc02785e4da41e5f19f740e017b6ffb
https://conda.anaconda.org/conda-forge/noarch/requests-toolbelt-1.0.0-pyhd8ed1ab_1.conda#66de8645e324fda0ea6ef28c2f99a2ab
https://conda.anaconda.org/conda-forge/noarch/cachecontrol-with-filecache-0.14.3-pyhd8ed1ab_0.conda#b4af8c1b61929b1bcb001c2953882149
https://conda.anaconda.org/conda-forge/noarch/conda-lock-3.0.4-pyhb3ed7dc_1.conda#0fee5d5a9df19104dcecf4541097e70e
